// !$*UTF8*$!
{
	archiveVersion = 1;
	classes = {
	};
	objectVersion = 56;
	objects = {

/* Begin PBXBuildFile section */
		811B6B252DF0475F002C8A27 /* WWPrint in Frameworks */ = {isa = PBXBuildFile; productRef = 811B6B242DF0475F002C8A27 /* WWPrint */; };
		811B792B2DB8C67C00A1958B /* WWKeyboardShadowView in Frameworks */ = {isa = PBXBuildFile; productRef = 811B792A2DB8C67C00A1958B /* WWKeyboardShadowView */; };
		811B792E2DB8C69100A1958B /* WWExpandableTextView in Frameworks */ = {isa = PBXBuildFile; productRef = 811B792D2DB8C69100A1958B /* WWExpandableTextView */; };
		81472E032D94F0FB000A624F /* WWEventSource in Frameworks */ = {isa = PBXBuildFile; productRef = 81472E022D94F0FB000A624F /* WWEventSource */; };
		815177522DD2F26D00F2D8F6 /* Loading.gif in Resources */ = {isa = PBXBuildFile; fileRef = 815177512DD2F26D00F2D8F6 /* Loading.gif */; };
		815177602DD3308900F2D8F6 /* Error.gif in Resources */ = {isa = PBXBuildFile; fileRef = 8151775F2DD3308900F2D8F6 /* Error.gif */; };
		8169F6312D94EE8C00133827 /* WWEventSource in Frameworks */ = {isa = PBXBuildFile; productRef = 8169F6302D94EE8C00133827 /* WWEventSource */; };
		8170D9452D93E1BC00BD1127 /* WWEventSource in Frameworks */ = {isa = PBXBuildFile; productRef = 8170D9442D93E1BC00BD1127 /* WWEventSource */; };
		817567FC2CA2C2B400B24577 /* AppDelegate.swift in Sources */ = {isa = PBXBuildFile; fileRef = 817567FB2CA2C2B400B24577 /* AppDelegate.swift */; };
		817568002CA2C2B400B24577 /* ViewController.swift in Sources */ = {isa = PBXBuildFile; fileRef = 817567FF2CA2C2B400B24577 /* ViewController.swift */; };
		817568032CA2C2B400B24577 /* Main.storyboard in Resources */ = {isa = PBXBuildFile; fileRef = 817568012CA2C2B400B24577 /* Main.storyboard */; };
		817568052CA2C2B500B24577 /* Assets.xcassets in Resources */ = {isa = PBXBuildFile; fileRef = 817568042CA2C2B500B24577 /* Assets.xcassets */; };
		817568082CA2C2B500B24577 /* LaunchScreen.storyboard in Resources */ = {isa = PBXBuildFile; fileRef = 817568062CA2C2B500B24577 /* LaunchScreen.storyboard */; };
		817568152CA2C33600B24577 /* Extension.swift in Sources */ = {isa = PBXBuildFile; fileRef = 817568132CA2C33600B24577 /* Extension.swift */; };
		8189F2822DCB2A8B00034D5C /* Constant.swift in Sources */ = {isa = PBXBuildFile; fileRef = 8189F2812DCB2A8B00034D5C /* Constant.swift */; };
		8189F2842DCB480E00034D5C /* Model.swift in Sources */ = {isa = PBXBuildFile; fileRef = 8189F2832DCB480E00034D5C /* Model.swift */; };
		8189F2872DCB556D00034D5C /* WWHUD in Frameworks */ = {isa = PBXBuildFile; productRef = 8189F2862DCB556D00034D5C /* WWHUD */; };
		81B516432DDD793000C6B25E /* WWNetworking in Frameworks */ = {isa = PBXBuildFile; productRef = 81B516422DDD793000C6B25E /* WWNetworking */; };
		81B516482DDD81CF00C6B25E /* MenuViewController.swift in Sources */ = {isa = PBXBuildFile; fileRef = 81B516472DDD81CF00C6B25E /* MenuViewController.swift */; };
		81BF3CFB2D89638300A11987 /* WWEventSource in Frameworks */ = {isa = PBXBuildFile; productRef = 81BF3CFA2D89638300A11987 /* WWEventSource */; };
		81C967422DF047F10081602A /* WWSideMenuViewController in Frameworks */ = {isa = PBXBuildFile; productRef = 81C967412DF047F10081602A /* WWSideMenuViewController */; };
		81E3A7822DB9CEAA00CDE86A /* index.html in Resources */ = {isa = PBXBuildFile; fileRef = 81E3A7812DB9CEAA00CDE86A /* index.html */; };
		81E3A78B2DBA06C100CDE86A /* bot.png in Resources */ = {isa = PBXBuildFile; fileRef = 81E3A78A2DBA06C100CDE86A /* bot.png */; };
		81E3A78F2DBA2BE200CDE86A /* user.png in Resources */ = {isa = PBXBuildFile; fileRef = 81E3A78E2DBA2BE200CDE86A /* user.png */; };
/* End PBXBuildFile section */

/* Begin PBXFileReference section */
		815177512DD2F26D00F2D8F6 /* Loading.gif */ = {isa = PBXFileReference; lastKnownFileType = image.gif; path = Loading.gif; sourceTree = "<group>"; };
		8151775F2DD3308900F2D8F6 /* Error.gif */ = {isa = PBXFileReference; lastKnownFileType = image.gif; path = Error.gif; sourceTree = "<group>"; };
		817567F82CA2C2B400B24577 /* Example.app */ = {isa = PBXFileReference; explicitFileType = wrapper.application; includeInIndex = 0; path = Example.app; sourceTree = BUILT_PRODUCTS_DIR; };
		817567FB2CA2C2B400B24577 /* AppDelegate.swift */ = {isa = PBXFileReference; lastKnownFileType = sourcecode.swift; path = AppDelegate.swift; sourceTree = "<group>"; };
		817567FF2CA2C2B400B24577 /* ViewController.swift */ = {isa = PBXFileReference; lastKnownFileType = sourcecode.swift; path = ViewController.swift; sourceTree = "<group>"; };
		817568022CA2C2B400B24577 /* Base */ = {isa = PBXFileReference; lastKnownFileType = file.storyboard; name = Base; path = Base.lproj/Main.storyboard; sourceTree = "<group>"; };
		817568042CA2C2B500B24577 /* Assets.xcassets */ = {isa = PBXFileReference; lastKnownFileType = folder.assetcatalog; path = Assets.xcassets; sourceTree = "<group>"; };
		817568072CA2C2B500B24577 /* Base */ = {isa = PBXFileReference; lastKnownFileType = file.storyboard; name = Base; path = Base.lproj/LaunchScreen.storyboard; sourceTree = "<group>"; };
		817568092CA2C2B500B24577 /* Info.plist */ = {isa = PBXFileReference; lastKnownFileType = text.plist.xml; path = Info.plist; sourceTree = "<group>"; };
		817568132CA2C33600B24577 /* Extension.swift */ = {isa = PBXFileReference; fileEncoding = 4; lastKnownFileType = sourcecode.swift; path = Extension.swift; sourceTree = "<group>"; };
		8189F2812DCB2A8B00034D5C /* Constant.swift */ = {isa = PBXFileReference; lastKnownFileType = sourcecode.swift; path = Constant.swift; sourceTree = "<group>"; };
		8189F2832DCB480E00034D5C /* Model.swift */ = {isa = PBXFileReference; lastKnownFileType = sourcecode.swift; path = Model.swift; sourceTree = "<group>"; };
		81B516472DDD81CF00C6B25E /* MenuViewController.swift */ = {isa = PBXFileReference; lastKnownFileType = sourcecode.swift; path = MenuViewController.swift; sourceTree = "<group>"; };
		81E3A7812DB9CEAA00CDE86A /* index.html */ = {isa = PBXFileReference; lastKnownFileType = text.html; path = index.html; sourceTree = "<group>"; };
		81E3A78A2DBA06C100CDE86A /* bot.png */ = {isa = PBXFileReference; lastKnownFileType = image.png; path = bot.png; sourceTree = "<group>"; };
		81E3A78E2DBA2BE200CDE86A /* user.png */ = {isa = PBXFileReference; lastKnownFileType = image.png; path = user.png; sourceTree = "<group>"; };
/* End PBXFileReference section */

/* Begin PBXFrameworksBuildPhase section */
		817567F52CA2C2B400B24577 /* Frameworks */ = {
			isa = PBXFrameworksBuildPhase;
			buildActionMask = 2147483647;
			files = (
				811B6B252DF0475F002C8A27 /* WWPrint in Frameworks */,
				81C967422DF047F10081602A /* WWSideMenuViewController in Frameworks */,
				811B792E2DB8C69100A1958B /* WWExpandableTextView in Frameworks */,
				81BF3CFB2D89638300A11987 /* WWEventSource in Frameworks */,
				811B792B2DB8C67C00A1958B /* WWKeyboardShadowView in Frameworks */,
				81472E032D94F0FB000A624F /* WWEventSource in Frameworks */,
				8189F2872DCB556D00034D5C /* WWHUD in Frameworks */,
				81B516432DDD793000C6B25E /* WWNetworking in Frameworks */,
				8169F6312D94EE8C00133827 /* WWEventSource in Frameworks */,
				8170D9452D93E1BC00BD1127 /* WWEventSource in Frameworks */,
			);
			runOnlyForDeploymentPostprocessing = 0;
		};
/* End PBXFrameworksBuildPhase section */

/* Begin PBXGroup section */
		817567EF2CA2C2B400B24577 = {
			isa = PBXGroup;
			children = (
				817567FA2CA2C2B400B24577 /* Example */,
				817567F92CA2C2B400B24577 /* Products */,
				819A18C32D5AE74F00554B15 /* Frameworks */,
			);
			sourceTree = "<group>";
		};
		817567F92CA2C2B400B24577 /* Products */ = {
			isa = PBXGroup;
			children = (
				817567F82CA2C2B400B24577 /* Example.app */,
			);
			name = Products;
			sourceTree = "<group>";
		};
		817567FA2CA2C2B400B24577 /* Example */ = {
			isa = PBXGroup;
			children = (
				817568192CA2C36F00B24577 /* Setting */,
				817568182CA2C36400B24577 /* Material */,
				817568112CA2C32700B24577 /* Utility */,
				817568162CA2C33E00B24577 /* Storyboard */,
				817568172CA2C35000B24577 /* ViewController */,
				817567FB2CA2C2B400B24577 /* AppDelegate.swift */,
			);
			path = Example;
			sourceTree = "<group>";
		};
		817568112CA2C32700B24577 /* Utility */ = {
			isa = PBXGroup;
			children = (
				8189F2812DCB2A8B00034D5C /* Constant.swift */,
				817568132CA2C33600B24577 /* Extension.swift */,
				8189F2832DCB480E00034D5C /* Model.swift */,
			);
			path = Utility;
			sourceTree = "<group>";
		};
		817568162CA2C33E00B24577 /* Storyboard */ = {
			isa = PBXGroup;
			children = (
				817568012CA2C2B400B24577 /* Main.storyboard */,
				817568062CA2C2B500B24577 /* LaunchScreen.storyboard */,
			);
			path = Storyboard;
			sourceTree = "<group>";
		};
		817568172CA2C35000B24577 /* ViewController */ = {
			isa = PBXGroup;
			children = (
				817567FF2CA2C2B400B24577 /* ViewController.swift */,
				81B516472DDD81CF00C6B25E /* MenuViewController.swift */,
			);
			path = ViewController;
			sourceTree = "<group>";
		};
		817568182CA2C36400B24577 /* Material */ = {
			isa = PBXGroup;
			children = (
				81E3A7852DB9CEB500CDE86A /* HTML */,
				817568042CA2C2B500B24577 /* Assets.xcassets */,
				8151775F2DD3308900F2D8F6 /* Error.gif */,
				815177512DD2F26D00F2D8F6 /* Loading.gif */,
			);
			path = Material;
			sourceTree = "<group>";
		};
		817568192CA2C36F00B24577 /* Setting */ = {
			isa = PBXGroup;
			children = (
				817568092CA2C2B500B24577 /* Info.plist */,
			);
			name = Setting;
			sourceTree = "<group>";
		};
		819A18C32D5AE74F00554B15 /* Frameworks */ = {
			isa = PBXGroup;
			children = (
			);
			name = Frameworks;
			sourceTree = "<group>";
		};
		81E3A7852DB9CEB500CDE86A /* HTML */ = {
			isa = PBXGroup;
			children = (
				81E3A78E2DBA2BE200CDE86A /* user.png */,
				81E3A78A2DBA06C100CDE86A /* bot.png */,
				81E3A7812DB9CEAA00CDE86A /* index.html */,
			);
			path = HTML;
			sourceTree = "<group>";
		};
/* End PBXGroup section */

/* Begin PBXNativeTarget section */
		817567F72CA2C2B400B24577 /* Example */ = {
			isa = PBXNativeTarget;
			buildConfigurationList = 8175680C2CA2C2B500B24577 /* Build configuration list for PBXNativeTarget "Example" */;
			buildPhases = (
				817567F42CA2C2B400B24577 /* Sources */,
				817567F52CA2C2B400B24577 /* Frameworks */,
				817567F62CA2C2B400B24577 /* Resources */,
			);
			buildRules = (
			);
			dependencies = (
			);
			name = Example;
			packageProductDependencies = (
				81BF3CFA2D89638300A11987 /* WWEventSource */,
				8170D9442D93E1BC00BD1127 /* WWEventSource */,
				8169F6302D94EE8C00133827 /* WWEventSource */,
				81472E022D94F0FB000A624F /* WWEventSource */,
				811B792A2DB8C67C00A1958B /* WWKeyboardShadowView */,
				811B792D2DB8C69100A1958B /* WWExpandableTextView */,
				8189F2862DCB556D00034D5C /* WWHUD */,
				81B516422DDD793000C6B25E /* WWNetworking */,
				811B6B242DF0475F002C8A27 /* WWPrint */,
				81C967412DF047F10081602A /* WWSideMenuViewController */,
			);
			productName = Example;
			productReference = 817567F82CA2C2B400B24577 /* Example.app */;
			productType = "com.apple.product-type.application";
		};
/* End PBXNativeTarget section */

/* Begin PBXProject section */
		817567F02CA2C2B400B24577 /* Project object */ = {
			isa = PBXProject;
			attributes = {
				BuildIndependentTargetsInParallel = 1;
				LastSwiftUpdateCheck = 1520;
				LastUpgradeCheck = 1520;
				TargetAttributes = {
					817567F72CA2C2B400B24577 = {
						CreatedOnToolsVersion = 15.2;
					};
				};
			};
			buildConfigurationList = 817567F32CA2C2B400B24577 /* Build configuration list for PBXProject "Example" */;
			compatibilityVersion = "Xcode 14.0";
			developmentRegion = en;
			hasScannedForEncodings = 0;
			knownRegions = (
				en,
				Base,
			);
			mainGroup = 817567EF2CA2C2B400B24577;
			packageReferences = (
				81472E012D94F0FB000A624F /* XCRemoteSwiftPackageReference "WWEventSource" */,
				811B79292DB8C67C00A1958B /* XCRemoteSwiftPackageReference "WWKeyboardShadowView" */,
				811B792C2DB8C69100A1958B /* XCRemoteSwiftPackageReference "WWExpandableTextView" */,
				8189F2852DCB556D00034D5C /* XCRemoteSwiftPackageReference "WWHUD" */,
				81B516412DDD790E00C6B25E /* XCRemoteSwiftPackageReference "WWNetworking" */,
				811B6B232DF0475F002C8A27 /* XCRemoteSwiftPackageReference "WWPrint" */,
				81C967402DF047C60081602A /* XCRemoteSwiftPackageReference "WWSideMenuViewController" */,
			);
			productRefGroup = 817567F92CA2C2B400B24577 /* Products */;
			projectDirPath = "";
			projectRoot = "";
			targets = (
				817567F72CA2C2B400B24577 /* Example */,
			);
		};
/* End PBXProject section */

/* Begin PBXResourcesBuildPhase section */
		817567F62CA2C2B400B24577 /* Resources */ = {
			isa = PBXResourcesBuildPhase;
			buildActionMask = 2147483647;
			files = (
				817568082CA2C2B500B24577 /* LaunchScreen.storyboard in Resources */,
				81E3A7822DB9CEAA00CDE86A /* index.html in Resources */,
				81E3A78F2DBA2BE200CDE86A /* user.png in Resources */,
				815177602DD3308900F2D8F6 /* Error.gif in Resources */,
				817568052CA2C2B500B24577 /* Assets.xcassets in Resources */,
				817568032CA2C2B400B24577 /* Main.storyboard in Resources */,
				815177522DD2F26D00F2D8F6 /* Loading.gif in Resources */,
				81E3A78B2DBA06C100CDE86A /* bot.png in Resources */,
			);
			runOnlyForDeploymentPostprocessing = 0;
		};
/* End PBXResourcesBuildPhase section */

/* Begin PBXSourcesBuildPhase section */
		817567F42CA2C2B400B24577 /* Sources */ = {
			isa = PBXSourcesBuildPhase;
			buildActionMask = 2147483647;
			files = (
				817568152CA2C33600B24577 /* Extension.swift in Sources */,
				81B516482DDD81CF00C6B25E /* MenuViewController.swift in Sources */,
				8189F2822DCB2A8B00034D5C /* Constant.swift in Sources */,
				8189F2842DCB480E00034D5C /* Model.swift in Sources */,
				817568002CA2C2B400B24577 /* ViewController.swift in Sources */,
				817567FC2CA2C2B400B24577 /* AppDelegate.swift in Sources */,
			);
			runOnlyForDeploymentPostprocessing = 0;
		};
/* End PBXSourcesBuildPhase section */

/* Begin PBXVariantGroup section */
		817568012CA2C2B400B24577 /* Main.storyboard */ = {
			isa = PBXVariantGroup;
			children = (
				817568022CA2C2B400B24577 /* Base */,
			);
			name = Main.storyboard;
			sourceTree = "<group>";
		};
		817568062CA2C2B500B24577 /* LaunchScreen.storyboard */ = {
			isa = PBXVariantGroup;
			children = (
				817568072CA2C2B500B24577 /* Base */,
			);
			name = LaunchScreen.storyboard;
			sourceTree = "<group>";
		};
/* End PBXVariantGroup section */

/* Begin XCBuildConfiguration section */
		8175680A2CA2C2B500B24577 /* Debug */ = {
			isa = XCBuildConfiguration;
			buildSettings = {
				ALWAYS_SEARCH_USER_PATHS = NO;
				ASSETCATALOG_COMPILER_GENERATE_SWIFT_ASSET_SYMBOL_EXTENSIONS = YES;
				CLANG_ANALYZER_NONNULL = YES;
				CLANG_ANALYZER_NUMBER_OBJECT_CONVERSION = YES_AGGRESSIVE;
				CLANG_CXX_LANGUAGE_STANDARD = "gnu++20";
				CLANG_ENABLE_MODULES = YES;
				CLANG_ENABLE_OBJC_ARC = YES;
				CLANG_ENABLE_OBJC_WEAK = YES;
				CLANG_WARN_BLOCK_CAPTURE_AUTORELEASING = YES;
				CLANG_WARN_BOOL_CONVERSION = YES;
				CLANG_WARN_COMMA = YES;
				CLANG_WARN_CONSTANT_CONVERSION = YES;
				CLANG_WARN_DEPRECATED_OBJC_IMPLEMENTATIONS = YES;
				CLANG_WARN_DIRECT_OBJC_ISA_USAGE = YES_ERROR;
				CLANG_WARN_DOCUMENTATION_COMMENTS = YES;
				CLANG_WARN_EMPTY_BODY = YES;
				CLANG_WARN_ENUM_CONVERSION = YES;
				CLANG_WARN_INFINITE_RECURSION = YES;
				CLANG_WARN_INT_CONVERSION = YES;
				CLANG_WARN_NON_LITERAL_NULL_CONVERSION = YES;
				CLANG_WARN_OBJC_IMPLICIT_RETAIN_SELF = YES;
				CLANG_WARN_OBJC_LITERAL_CONVERSION = YES;
				CLANG_WARN_OBJC_ROOT_CLASS = YES_ERROR;
				CLANG_WARN_QUOTED_INCLUDE_IN_FRAMEWORK_HEADER = YES;
				CLANG_WARN_RANGE_LOOP_ANALYSIS = YES;
				CLANG_WARN_STRICT_PROTOTYPES = YES;
				CLANG_WARN_SUSPICIOUS_MOVE = YES;
				CLANG_WARN_UNGUARDED_AVAILABILITY = YES_AGGRESSIVE;
				CLANG_WARN_UNREACHABLE_CODE = YES;
				CLANG_WARN__DUPLICATE_METHOD_MATCH = YES;
				COPY_PHASE_STRIP = NO;
				DEBUG_INFORMATION_FORMAT = dwarf;
				ENABLE_STRICT_OBJC_MSGSEND = YES;
				ENABLE_TESTABILITY = YES;
				ENABLE_USER_SCRIPT_SANDBOXING = YES;
				GCC_C_LANGUAGE_STANDARD = gnu17;
				GCC_DYNAMIC_NO_PIC = NO;
				GCC_NO_COMMON_BLOCKS = YES;
				GCC_OPTIMIZATION_LEVEL = 0;
				GCC_PREPROCESSOR_DEFINITIONS = (
					"DEBUG=1",
					"$(inherited)",
				);
				GCC_WARN_64_TO_32_BIT_CONVERSION = YES;
				GCC_WARN_ABOUT_RETURN_TYPE = YES_ERROR;
				GCC_WARN_UNDECLARED_SELECTOR = YES;
				GCC_WARN_UNINITIALIZED_AUTOS = YES_AGGRESSIVE;
				GCC_WARN_UNUSED_FUNCTION = YES;
				GCC_WARN_UNUSED_VARIABLE = YES;
				IPHONEOS_DEPLOYMENT_TARGET = 17.2;
				LOCALIZATION_PREFERS_STRING_CATALOGS = YES;
				MTL_ENABLE_DEBUG_INFO = INCLUDE_SOURCE;
				MTL_FAST_MATH = YES;
				ONLY_ACTIVE_ARCH = YES;
				SDKROOT = iphoneos;
				SWIFT_ACTIVE_COMPILATION_CONDITIONS = "DEBUG $(inherited)";
				SWIFT_OPTIMIZATION_LEVEL = "-Onone";
			};
			name = Debug;
		};
		8175680B2CA2C2B500B24577 /* Release */ = {
			isa = XCBuildConfiguration;
			buildSettings = {
				ALWAYS_SEARCH_USER_PATHS = NO;
				ASSETCATALOG_COMPILER_GENERATE_SWIFT_ASSET_SYMBOL_EXTENSIONS = YES;
				CLANG_ANALYZER_NONNULL = YES;
				CLANG_ANALYZER_NUMBER_OBJECT_CONVERSION = YES_AGGRESSIVE;
				CLANG_CXX_LANGUAGE_STANDARD = "gnu++20";
				CLANG_ENABLE_MODULES = YES;
				CLANG_ENABLE_OBJC_ARC = YES;
				CLANG_ENABLE_OBJC_WEAK = YES;
				CLANG_WARN_BLOCK_CAPTURE_AUTORELEASING = YES;
				CLANG_WARN_BOOL_CONVERSION = YES;
				CLANG_WARN_COMMA = YES;
				CLANG_WARN_CONSTANT_CONVERSION = YES;
				CLANG_WARN_DEPRECATED_OBJC_IMPLEMENTATIONS = YES;
				CLANG_WARN_DIRECT_OBJC_ISA_USAGE = YES_ERROR;
				CLANG_WARN_DOCUMENTATION_COMMENTS = YES;
				CLANG_WARN_EMPTY_BODY = YES;
				CLANG_WARN_ENUM_CONVERSION = YES;
				CLANG_WARN_INFINITE_RECURSION = YES;
				CLANG_WARN_INT_CONVERSION = YES;
				CLANG_WARN_NON_LITERAL_NULL_CONVERSION = YES;
				CLANG_WARN_OBJC_IMPLICIT_RETAIN_SELF = YES;
				CLANG_WARN_OBJC_LITERAL_CONVERSION = YES;
				CLANG_WARN_OBJC_ROOT_CLASS = YES_ERROR;
				CLANG_WARN_QUOTED_INCLUDE_IN_FRAMEWORK_HEADER = YES;
				CLANG_WARN_RANGE_LOOP_ANALYSIS = YES;
				CLANG_WARN_STRICT_PROTOTYPES = YES;
				CLANG_WARN_SUSPICIOUS_MOVE = YES;
				CLANG_WARN_UNGUARDED_AVAILABILITY = YES_AGGRESSIVE;
				CLANG_WARN_UNREACHABLE_CODE = YES;
				CLANG_WARN__DUPLICATE_METHOD_MATCH = YES;
				COPY_PHASE_STRIP = NO;
				DEBUG_INFORMATION_FORMAT = "dwarf-with-dsym";
				ENABLE_NS_ASSERTIONS = NO;
				ENABLE_STRICT_OBJC_MSGSEND = YES;
				ENABLE_USER_SCRIPT_SANDBOXING = YES;
				GCC_C_LANGUAGE_STANDARD = gnu17;
				GCC_NO_COMMON_BLOCKS = YES;
				GCC_WARN_64_TO_32_BIT_CONVERSION = YES;
				GCC_WARN_ABOUT_RETURN_TYPE = YES_ERROR;
				GCC_WARN_UNDECLARED_SELECTOR = YES;
				GCC_WARN_UNINITIALIZED_AUTOS = YES_AGGRESSIVE;
				GCC_WARN_UNUSED_FUNCTION = YES;
				GCC_WARN_UNUSED_VARIABLE = YES;
				IPHONEOS_DEPLOYMENT_TARGET = 17.2;
				LOCALIZATION_PREFERS_STRING_CATALOGS = YES;
				MTL_ENABLE_DEBUG_INFO = NO;
				MTL_FAST_MATH = YES;
				SDKROOT = iphoneos;
				SWIFT_COMPILATION_MODE = wholemodule;
				VALIDATE_PRODUCT = YES;
			};
			name = Release;
		};
		8175680D2CA2C2B500B24577 /* Debug */ = {
			isa = XCBuildConfiguration;
			buildSettings = {
				ASSETCATALOG_COMPILER_APPICON_NAME = AppIcon;
				ASSETCATALOG_COMPILER_GLOBAL_ACCENT_COLOR_NAME = AccentColor;
				CODE_SIGN_STYLE = Automatic;
				CURRENT_PROJECT_VERSION = 20250521;
				DEVELOPMENT_TEAM = 4Q5CYDAG3B;
				GENERATE_INFOPLIST_FILE = YES;
				INFOPLIST_FILE = Example/Info.plist;
				INFOPLIST_KEY_UIApplicationSupportsIndirectInputEvents = YES;
				INFOPLIST_KEY_UILaunchStoryboardName = LaunchScreen;
				INFOPLIST_KEY_UIMainStoryboardFile = Main;
				INFOPLIST_KEY_UISupportedInterfaceOrientations_iPad = "UIInterfaceOrientationPortrait UIInterfaceOrientationPortraitUpsideDown UIInterfaceOrientationLandscapeLeft UIInterfaceOrientationLandscapeRight";
				INFOPLIST_KEY_UISupportedInterfaceOrientations_iPhone = "UIInterfaceOrientationPortrait UIInterfaceOrientationLandscapeLeft UIInterfaceOrientationLandscapeRight";
				IPHONEOS_DEPLOYMENT_TARGET = 15.0;
				LD_RUNPATH_SEARCH_PATHS = (
					"$(inherited)",
					"@executable_path/Frameworks",
				);
				MARKETING_VERSION = 1.0.0;
				PRODUCT_BUNDLE_IDENTIFIER = idv.william.Example2.Example;
				PRODUCT_NAME = "$(TARGET_NAME)";
				SUPPORTED_PLATFORMS = "iphoneos iphonesimulator";
				SUPPORTS_MACCATALYST = NO;
				SUPPORTS_MAC_DESIGNED_FOR_IPHONE_IPAD = NO;
				SUPPORTS_XR_DESIGNED_FOR_IPHONE_IPAD = NO;
				SWIFT_EMIT_LOC_STRINGS = YES;
				SWIFT_VERSION = 5.0;
				TARGETED_DEVICE_FAMILY = "1,2";
			};
			name = Debug;
		};
		8175680E2CA2C2B500B24577 /* Release */ = {
			isa = XCBuildConfiguration;
			buildSettings = {
				ASSETCATALOG_COMPILER_APPICON_NAME = AppIcon;
				ASSETCATALOG_COMPILER_GLOBAL_ACCENT_COLOR_NAME = AccentColor;
				CODE_SIGN_STYLE = Automatic;
				CURRENT_PROJECT_VERSION = 20250521;
				DEVELOPMENT_TEAM = 4Q5CYDAG3B;
				GENERATE_INFOPLIST_FILE = YES;
				INFOPLIST_FILE = Example/Info.plist;
				INFOPLIST_KEY_UIApplicationSupportsIndirectInputEvents = YES;
				INFOPLIST_KEY_UILaunchStoryboardName = LaunchScreen;
				INFOPLIST_KEY_UIMainStoryboardFile = Main;
				INFOPLIST_KEY_UISupportedInterfaceOrientations_iPad = "UIInterfaceOrientationPortrait UIInterfaceOrientationPortraitUpsideDown UIInterfaceOrientationLandscapeLeft UIInterfaceOrientationLandscapeRight";
				INFOPLIST_KEY_UISupportedInterfaceOrientations_iPhone = "UIInterfaceOrientationPortrait UIInterfaceOrientationLandscapeLeft UIInterfaceOrientationLandscapeRight";
				IPHONEOS_DEPLOYMENT_TARGET = 15.0;
				LD_RUNPATH_SEARCH_PATHS = (
					"$(inherited)",
					"@executable_path/Frameworks",
				);
				MARKETING_VERSION = 1.0.0;
				PRODUCT_BUNDLE_IDENTIFIER = idv.william.Example2.Example;
				PRODUCT_NAME = "$(TARGET_NAME)";
				SUPPORTED_PLATFORMS = "iphoneos iphonesimulator";
				SUPPORTS_MACCATALYST = NO;
				SUPPORTS_MAC_DESIGNED_FOR_IPHONE_IPAD = NO;
				SUPPORTS_XR_DESIGNED_FOR_IPHONE_IPAD = NO;
				SWIFT_EMIT_LOC_STRINGS = YES;
				SWIFT_VERSION = 5.0;
				TARGETED_DEVICE_FAMILY = "1,2";
			};
			name = Release;
		};
/* End XCBuildConfiguration section */

/* Begin XCConfigurationList section */
		817567F32CA2C2B400B24577 /* Build configuration list for PBXProject "Example" */ = {
			isa = XCConfigurationList;
			buildConfigurations = (
				8175680A2CA2C2B500B24577 /* Debug */,
				8175680B2CA2C2B500B24577 /* Release */,
			);
			defaultConfigurationIsVisible = 0;
			defaultConfigurationName = Release;
		};
		8175680C2CA2C2B500B24577 /* Build configuration list for PBXNativeTarget "Example" */ = {
			isa = XCConfigurationList;
			buildConfigurations = (
				8175680D2CA2C2B500B24577 /* Debug */,
				8175680E2CA2C2B500B24577 /* Release */,
			);
			defaultConfigurationIsVisible = 0;
			defaultConfigurationName = Release;
		};
/* End XCConfigurationList section */

/* Begin XCRemoteSwiftPackageReference section */
		811B6B232DF0475F002C8A27 /* XCRemoteSwiftPackageReference "WWPrint" */ = {
			isa = XCRemoteSwiftPackageReference;
			repositoryURL = "https://github.com/William-Weng/WWPrint";
			requirement = {
				kind = upToNextMajorVersion;
				minimumVersion = 1.3.1;
			};
		};
		811B79292DB8C67C00A1958B /* XCRemoteSwiftPackageReference "WWKeyboardShadowView" */ = {
			isa = XCRemoteSwiftPackageReference;
			repositoryURL = "https://github.com/William-Weng/WWKeyboardShadowView";
			requirement = {
				kind = upToNextMajorVersion;
				minimumVersion = 1.1.3;
			};
		};
		811B792C2DB8C69100A1958B /* XCRemoteSwiftPackageReference "WWExpandableTextView" */ = {
			isa = XCRemoteSwiftPackageReference;
			repositoryURL = "https://github.com/William-Weng/WWExpandableTextView";
			requirement = {
				kind = upToNextMajorVersion;
				minimumVersion = 1.0.3;
			};
		};
		81472E012D94F0FB000A624F /* XCRemoteSwiftPackageReference "WWEventSource" */ = {
			isa = XCRemoteSwiftPackageReference;
			repositoryURL = "https://github.com/William-Weng/WWEventSource";
			requirement = {
				kind = upToNextMinorVersion;
				minimumVersion = 1.4.1;
			};
		};
		8189F2852DCB556D00034D5C /* XCRemoteSwiftPackageReference "WWHUD" */ = {
			isa = XCRemoteSwiftPackageReference;
			repositoryURL = "https://github.com/William-Weng/WWHUD";
			requirement = {
				kind = upToNextMajorVersion;
				minimumVersion = 1.3.3;
			};
		};
		81B516412DDD790E00C6B25E /* XCRemoteSwiftPackageReference "WWNetworking" */ = {
			isa = XCRemoteSwiftPackageReference;
			repositoryURL = "https://github.com/William-Weng/WWNetworking";
			requirement = {
				kind = upToNextMajorVersion;
				minimumVersion = 1.7.6;
			};
		};
		81C967402DF047C60081602A /* XCRemoteSwiftPackageReference "WWSideMenuViewController" */ = {
			isa = XCRemoteSwiftPackageReference;
			repositoryURL = "https://github.com/William-Weng/WWSideMenuViewController";
			requirement = {
				kind = upToNextMajorVersion;
				minimumVersion = 1.5.0;
			};
		};
/* End XCRemoteSwiftPackageReference section */

/* Begin XCSwiftPackageProductDependency section */
		811B6B242DF0475F002C8A27 /* WWPrint */ = {
			isa = XCSwiftPackageProductDependency;
			package = 811B6B232DF0475F002C8A27 /* XCRemoteSwiftPackageReference "WWPrint" */;
			productName = WWPrint;
		};
		811B792A2DB8C67C00A1958B /* WWKeyboardShadowView */ = {
			isa = XCSwiftPackageProductDependency;
			package = 811B79292DB8C67C00A1958B /* XCRemoteSwiftPackageReference "WWKeyboardShadowView" */;
			productName = WWKeyboardShadowView;
		};
		811B792D2DB8C69100A1958B /* WWExpandableTextView */ = {
			isa = XCSwiftPackageProductDependency;
			package = 811B792C2DB8C69100A1958B /* XCRemoteSwiftPackageReference "WWExpandableTextView" */;
			productName = WWExpandableTextView;
		};
		81472E022D94F0FB000A624F /* WWEventSource */ = {
			isa = XCSwiftPackageProductDependency;
			package = 81472E012D94F0FB000A624F /* XCRemoteSwiftPackageReference "WWEventSource" */;
			productName = WWEventSource;
		};
		8169F6302D94EE8C00133827 /* WWEventSource */ = {
			isa = XCSwiftPackageProductDependency;
			productName = WWEventSource;
		};
		8170D9442D93E1BC00BD1127 /* WWEventSource */ = {
			isa = XCSwiftPackageProductDependency;
			productName = WWEventSource;
		};
		8189F2862DCB556D00034D5C /* WWHUD */ = {
			isa = XCSwiftPackageProductDependency;
			package = 8189F2852DCB556D00034D5C /* XCRemoteSwiftPackageReference "WWHUD" */;
			productName = WWHUD;
		};
		81B516422DDD793000C6B25E /* WWNetworking */ = {
			isa = XCSwiftPackageProductDependency;
			package = 81B516412DDD790E00C6B25E /* XCRemoteSwiftPackageReference "WWNetworking" */;
			productName = WWNetworking;
		};
		81BF3CFA2D89638300A11987 /* WWEventSource */ = {
			isa = XCSwiftPackageProductDependency;
			productName = WWEventSource;
		};
		81C967412DF047F10081602A /* WWSideMenuViewController */ = {
			isa = XCSwiftPackageProductDependency;
			package = 81C967402DF047C60081602A /* XCRemoteSwiftPackageReference "WWSideMenuViewController" */;
			productName = WWSideMenuViewController;
		};
/* End XCSwiftPackageProductDependency section */
	};
	rootObject = 817567F02CA2C2B400B24577 /* Project object */;
}
